
Microsoft Visual Studio Solution File, Format Version 12.00
# Visual Studio Version 17
VisualStudioVersion = 17.8.34511.84
MinimumVisualStudioVersion = 10.0.40219.1
Project("{9A19103F-16F7-4668-BE54-9A1E7A4F7556}") = "PlayerEventPublisher", "PlayerEventPublisher.csproj", "{8E03B3CF-8C35-46A4-896A-A94F317A82C7}"
EndProject
Project("{FAE04EC0-301F-11D3-BF4B-00C04F79EFBC}") = "PlayerEventPublisher.Tests", "..\PlayerRegistrationPublisher.Tests\PlayerEventPublisher.Tests.csproj", "{34E7B2A2-91E6-44A3-8987-A67816900D03}"
	ProjectSection(ProjectDependencies) = postProject
		{8E03B3CF-8C35-46A4-896A-A94F317A82C7} = {8E03B3CF-8C35-46A4-896A-A94F317A82C7}
	EndProjectSection
EndProject
Global
	GlobalSection(SolutionConfigurationPlatforms) = preSolution
		Debug|Any CPU = Debug|Any CPU
		Release|Any CPU = Release|Any CPU
	EndGlobalSection
	GlobalSection(ProjectConfigurationPlatforms) = postSolution
		{8E03B3CF-8C35-46A4-896A-A94F317A82C7}.Debug|Any CPU.ActiveCfg = Debug|Any CPU
		{8E03B3CF-8C35-46A4-896A-A94F317A82C7}.Debug|Any CPU.Build.0 = Debug|Any CPU
		{8E03B3CF-8C35-46A4-896A-A94F317A82C7}.Release|Any CPU.ActiveCfg = Release|Any CPU
		{8E03B3CF-8C35-46A4-896A-A94F317A82C7}.Release|Any CPU.Build.0 = Release|Any CPU
		{34E7B2A2-91E6-44A3-8987-A67816900D03}.Debug|Any CPU.ActiveCfg = Debug|Any CPU
		{34E7B2A2-91E6-44A3-8987-A67816900D03}.Debug|Any CPU.Build.0 = Debug|Any CPU
		{34E7B2A2-91E6-44A3-8987-A67816900D03}.Release|Any CPU.ActiveCfg = Release|Any CPU
		{34E7B2A2-91E6-44A3-8987-A67816900D03}.Release|Any CPU.Build.0 = Release|Any CPU
	EndGlobalSection
	GlobalSection(SolutionProperties) = preSolution
		HideSolutionNode = FALSE
	EndGlobalSection
	GlobalSection(ExtensibilityGlobals) = postSolution
		SolutionGuid = {754770A7-A26F-4149-B97C-D10E51AF53E3}
	EndGlobalSection
EndGlobal
